<?xml version="1.0" encoding="utf-8"?>
<Project ToolsVersion="4.0" xmlns="http://schemas.microsoft.com/developer/msbuild/2003">
  <ItemGroup>
    <ClCompile Include="DebugDrawPass.cpp">
      <Filter>TeacherStuff</Filter>
    </ClCompile>
    <ClCompile Include="GamePad.cpp">
      <Filter>TeacherStuff</Filter>
    </ClCompile>
    <ClCompile Include="Globals.cpp">
      <Filter>TeacherStuff</Filter>
    </ClCompile>
    <ClCompile Include="3rdParty\imgui-docking\imgui.cpp">
      <Filter>TeacherStuff</Filter>
    </ClCompile>
    <ClCompile Include="Keyboard.cpp">
      <Filter>TeacherStuff</Filter>
    </ClCompile>
    <ClCompile Include="ModuleInput.cpp">
      <Filter>TeacherStuff</Filter>
    </ClCompile>
    <ClCompile Include="Mouse.cpp">
      <Filter>TeacherStuff</Filter>
    </ClCompile>
    <ClCompile Include="SimpleMath.cpp">
      <Filter>TeacherStuff</Filter>
    </ClCompile>
    <ClCompile Include="3rdParty\imgui-docking\imgui_demo.cpp">
      <Filter>External\ImGui</Filter>
    </ClCompile>
    <ClCompile Include="3rdParty\imgui-docking\imgui_draw.cpp">
      <Filter>External\ImGui</Filter>
    </ClCompile>
    <ClCompile Include="3rdParty\imgui-docking\backends\imgui_impl_dx12.cpp">
      <Filter>External\ImGui</Filter>
    </ClCompile>
    <ClCompile Include="3rdParty\imgui-docking\backends\imgui_impl_win32.cpp">
      <Filter>External\ImGui</Filter>
    </ClCompile>
    <ClCompile Include="3rdParty\imgui-docking\imgui_tables.cpp">
      <Filter>External\ImGui</Filter>
    </ClCompile>
    <ClCompile Include="3rdParty\imgui-docking\imgui_widgets.cpp">
      <Filter>External\ImGui</Filter>
    </ClCompile>
    <ClCompile Include="ImGuiPass.cpp">
      <Filter>External\ImGui</Filter>
    </ClCompile>
    <ClCompile Include="3rdParty\ImGuizmo\ImGuizmo.cpp">
      <Filter>External\ImGui</Filter>
    </ClCompile>
    <ClCompile Include="Engine.cpp" />
    <ClCompile Include="EditorConsole.cpp">
      <Filter>Engine_UI\Editor</Filter>
    </ClCompile>
    <ClCompile Include="EditorMenuBar.cpp">
      <Filter>Engine_UI\BarMenu</Filter>
    </ClCompile>
    <ClCompile Include="ModuleExercise1.cpp">
      <Filter>Exercises</Filter>
    </ClCompile>
    <ClCompile Include="ModuleExercise2.cpp">
      <Filter>Exercises</Filter>
    </ClCompile>
    <ClCompile Include="ModuleExercise3.cpp">
      <Filter>Exercises</Filter>
    </ClCompile>
    <ClCompile Include="Application.cpp" />
    <ClCompile Include="ModuleD3D12.cpp">
      <Filter>Modules</Filter>
    </ClCompile>
    <ClCompile Include="ModuleRender.cpp">
      <Filter>Modules</Filter>
    </ClCompile>
    <ClCompile Include="ModuleResources.cpp">
      <Filter>Modules</Filter>
    </ClCompile>
    <ClCompile Include="ModuleUI.cpp">
      <Filter>Modules</Filter>
    </ClCompile>
    <ClCompile Include="ModuleEditor.cpp">
      <Filter>Modules</Filter>
    </ClCompile>
    <ClCompile Include="ModuleCamera.cpp">
      <Filter>Modules</Filter>
    </ClCompile>
    <ClCompile Include="EditorToolbar.cpp">
      <Filter>Engine_UI\BarMenu</Filter>
    </ClCompile>
    <ClCompile Include="EditorSettings.cpp">
      <Filter>Engine_UI\Editor</Filter>
    </ClCompile>
    <ClCompile Include="ModuleExercise4.cpp">
      <Filter>Exercises</Filter>
    </ClCompile>
    <ClCompile Include="EditorPerformance.cpp">
      <Filter>Engine_UI\Editor</Filter>
    </ClCompile>
    <ClCompile Include="EditorAbout.cpp">
      <Filter>Engine_UI\Editor</Filter>
    </ClCompile>
    <ClCompile Include="ModuleAssigment1.cpp">
      <Filter>Exercises</Filter>
    </ClCompile>
  </ItemGroup>
  <ItemGroup>
    <ClInclude Include="debug_draw.hpp">
      <Filter>TeacherStuff</Filter>
    </ClInclude>
    <ClInclude Include="DebugDrawPass.h">
      <Filter>TeacherStuff</Filter>
    </ClInclude>
    <ClInclude Include="framework.h">
      <Filter>TeacherStuff</Filter>
    </ClInclude>
    <ClInclude Include="GamePad.h">
      <Filter>TeacherStuff</Filter>
    </ClInclude>
    <ClInclude Include="Globals.h">
      <Filter>TeacherStuff</Filter>
    </ClInclude>
    <ClInclude Include="Keyboard.h">
      <Filter>TeacherStuff</Filter>
    </ClInclude>
    <ClInclude Include="ModuleInput.h">
      <Filter>TeacherStuff</Filter>
    </ClInclude>
    <ClInclude Include="Mouse.h">
      <Filter>TeacherStuff</Filter>
    </ClInclude>
    <ClInclude Include="PlatformHelpers.h">
      <Filter>TeacherStuff</Filter>
    </ClInclude>
    <ClInclude Include="ReadData.h">
      <Filter>TeacherStuff</Filter>
    </ClInclude>
    <ClInclude Include="Resource.h">
      <Filter>TeacherStuff</Filter>
    </ClInclude>
    <ClInclude Include="SimpleMath.h">
      <Filter>TeacherStuff</Filter>
    </ClInclude>
    <ClInclude Include="targetver.h">
      <Filter>TeacherStuff</Filter>
    </ClInclude>
    <ClInclude Include="3rdParty\imgui-docking\imgui.h">
      <Filter>External\ImGui</Filter>
    </ClInclude>
    <ClInclude Include="3rdParty\imgui-docking\backends\imgui_impl_dx12.h">
      <Filter>External\ImGui</Filter>
    </ClInclude>
    <ClInclude Include="3rdParty\imgui-1.89.8\backends\imgui_impl_win32.h">
      <Filter>External\ImGui</Filter>
    </ClInclude>
    <ClInclude Include="3rdParty\imgui-docking\backends\imgui_impl_win32.h">
      <Filter>External\ImGui</Filter>
    </ClInclude>
    <ClInclude Include="3rdParty\imgui-docking\imgui_internal.h">
      <Filter>External\ImGui</Filter>
    </ClInclude>
    <ClInclude Include="ImGuiPass.h">
      <Filter>External\ImGui</Filter>
    </ClInclude>
    <ClInclude Include="3rdParty\ImGuizmo\ImGuizmo.h">
      <Filter>External\ImGui</Filter>
    </ClInclude>
    <ClInclude Include="Engine.h" />
    <ClInclude Include="EditorConsole.h">
      <Filter>Engine_UI\Editor</Filter>
    </ClInclude>
    <ClInclude Include="EditorMenuBar.h">
      <Filter>Engine_UI\BarMenu</Filter>
    </ClInclude>
    <ClInclude Include="ModuleExercise1.h">
      <Filter>Exercises</Filter>
    </ClInclude>
    <ClInclude Include="ModuleExercise2.h">
      <Filter>Exercises</Filter>
    </ClInclude>
    <ClInclude Include="Timer.h">
      <Filter>Utils</Filter>
    </ClInclude>
    <ClInclude Include="Chrono.h">
      <Filter>Utils</Filter>
    </ClInclude>
    <ClInclude Include="ModuleExercise3.h">
      <Filter>Exercises</Filter>
    </ClInclude>
    <ClInclude Include="Application.h" />
    <ClInclude Include="Module.h">
      <Filter>Modules</Filter>
    </ClInclude>
    <ClInclude Include="ModuleD3D12.h">
      <Filter>Modules</Filter>
    </ClInclude>
    <ClInclude Include="ModuleRender.h">
      <Filter>Modules</Filter>
    </ClInclude>
    <ClInclude Include="ModuleResources.h">
      <Filter>Modules</Filter>
    </ClInclude>
    <ClInclude Include="ModuleUI.h">
      <Filter>Modules</Filter>
    </ClInclude>
    <ClInclude Include="ModuleEditor.h">
      <Filter>Modules</Filter>
    </ClInclude>
    <ClInclude Include="ModuleCamera.h">
      <Filter>Modules</Filter>
    </ClInclude>
    <ClInclude Include="EditorToolbar.h">
      <Filter>Engine_UI\BarMenu</Filter>
    </ClInclude>
    <ClInclude Include="Settings.h">
      <Filter>Entities</Filter>
    </ClInclude>
    <ClInclude Include="EditorSettings.h">
      <Filter>Engine_UI\Editor</Filter>
    </ClInclude>
    <ClInclude Include="ModuleExercise4.h">
      <Filter>Exercises</Filter>
    </ClInclude>
    <ClInclude Include="EditorPerformance.h">
      <Filter>Engine_UI\Editor</Filter>
    </ClInclude>
    <ClInclude Include="EditorAbout.h">
      <Filter>Engine_UI\Editor</Filter>
    </ClInclude>
    <ClInclude Include="ModuleAssigment1.h">
      <Filter>Exercises</Filter>
    </ClInclude>
  </ItemGroup>
  <ItemGroup>
    <Image Include="Engine.ico">
      <Filter>TeacherStuff</Filter>
    </Image>
    <Image Include="small.ico">
      <Filter>TeacherStuff</Filter>
    </Image>
  </ItemGroup>
  <ItemGroup>
    <Filter Include="TeacherStuff">
      <UniqueIdentifier>{4c64341e-d45b-4622-9a5e-ca10fd9c6374}</UniqueIdentifier>
    </Filter>
    <Filter Include="Engine_UI">
      <UniqueIdentifier>{522d4bde-c44c-4447-ac67-1e8827c08620}</UniqueIdentifier>
    </Filter>
    <Filter Include="External">
      <UniqueIdentifier>{33a66c4b-258e-4166-bb52-43a31601f2c8}</UniqueIdentifier>
    </Filter>
    <Filter Include="External\ImGui">
      <UniqueIdentifier>{16a66a20-a85f-4f52-9a86-037c9b102e14}</UniqueIdentifier>
    </Filter>
    <Filter Include="Engine_UI\BarMenu">
      <UniqueIdentifier>{e0a1ec63-8aef-432f-9832-e312e46207ae}</UniqueIdentifier>
    </Filter>
    <Filter Include="Exercises">
      <UniqueIdentifier>{66dfaca2-0a00-4dc3-9a77-a2159789252f}</UniqueIdentifier>
    </Filter>
    <Filter Include="Utils">
      <UniqueIdentifier>{1272bbc9-a6ac-489b-9b14-f2a74d18f3a5}</UniqueIdentifier>
    </Filter>
    <Filter Include="Shaders">
      <UniqueIdentifier>{828ef4aa-39fb-4b79-8505-0fa02cd4d506}</UniqueIdentifier>
    </Filter>
    <Filter Include="Modules">
      <UniqueIdentifier>{f0b97f36-5656-4fc8-a4f7-02199447e5b2}</UniqueIdentifier>
    </Filter>
    <Filter Include="Entities">
      <UniqueIdentifier>{51dffe68-0010-4c6f-884d-4fd6fed9b727}</UniqueIdentifier>
    </Filter>
    <Filter Include="Engine_UI\Editor">
      <UniqueIdentifier>{7f21b140-45a6-46e0-8cbf-17b02e6a26b4}</UniqueIdentifier>
    </Filter>
  </ItemGroup>
  <ItemGroup>
    <ResourceCompile Include="Engine.rc">
      <Filter>TeacherStuff</Filter>
    </ResourceCompile>
  </ItemGroup>
  <ItemGroup>
    <None Include="SimpleMath.inl">
      <Filter>TeacherStuff</Filter>
    </None>
  </ItemGroup>
  <ItemGroup>
    <FxCompile Include="Shaders\Exercise2VS.hlsl">
      <Filter>Shaders</Filter>
    </FxCompile>
    <FxCompile Include="Shaders\Exercise2PS.hlsl">
      <Filter>Shaders</Filter>
    </FxCompile>
    <FxCompile Include="Shaders\Exercise3PS.hlsl">
      <Filter>Shaders</Filter>
    </FxCompile>
    <FxCompile Include="Shaders\Exercise3VS.hlsl">
      <Filter>Shaders</Filter>
    </FxCompile>
    <FxCompile Include="Shaders\Exercise4PS.hlsl">
      <Filter>Shaders</Filter>
    </FxCompile>
    <FxCompile Include="Shaders\Exercise4VS.hlsl">
      <Filter>Shaders</Filter>
    </FxCompile>
  </ItemGroup>
</Project>